
Microsoft Visual Studio Solution File, Format Version 12.00
# Visual Studio Version 16
VisualStudioVersion = 16.0.31424.327
MinimumVisualStudioVersion = 10.0.40219.1
Project("{FAE04EC0-301F-11D3-BF4B-00C04F79EFBC}") = "lab9CS", "lab9CS\lab9CS.csproj", "{994ABAA3-29C4-4360-B9AD-532BE1769B58}"
EndProject
Global
	GlobalSection(SolutionConfigurationPlatforms) = preSolution
		Debug|Any CPU = Debug|Any CPU
		Release|Any CPU = Release|Any CPU
	EndGlobalSection
	GlobalSection(ProjectConfigurationPlatforms) = postSolution
		{994ABAA3-29C4-4360-B9AD-532BE1769B58}.Debug|Any CPU.ActiveCfg = Debug|Any CPU
		{994ABAA3-29C4-4360-B9AD-532BE1769B58}.Debug|Any CPU.Build.0 = Debug|Any CPU
		{994ABAA3-29C4-4360-B9AD-532BE1769B58}.Release|Any CPU.ActiveCfg = Release|Any CPU
		{994ABAA3-29C4-4360-B9AD-532BE1769B58}.Release|Any CPU.Build.0 = Release|Any CPU
	EndGlobalSection
	GlobalSection(SolutionProperties) = preSolution
		HideSolutionNode = FALSE
	EndGlobalSection
	GlobalSection(ExtensibilityGlobals) = postSolution
		SolutionGuid = {12536832-5A3D-452E-A1B2-B3D019D02C5C}
	EndGlobalSection
EndGlobal
